// !$*UTF8*$!
{
	archiveVersion = 1;
	classes = {
	};
	objectVersion = 51;
	objects = {

/* Begin PBXBuildFile section */
		409CF6E0CE3EC3C14F0F354B /* Pods_edibly.framework in Frameworks */ = {isa = PBXBuildFile; fileRef = 90B1403DB72A0EE7788AA0FF /* Pods_edibly.framework */; };
		6632FE84269DF6A70067B938 /* StoreKit.framework in Frameworks */ = {isa = PBXBuildFile; fileRef = 6632FE83269DF6A70067B938 /* StoreKit.framework */; };
		663B712226960EBB001190CB /* thcTextField.swift in Sources */ = {isa = PBXBuildFile; fileRef = 663B712126960EBB001190CB /* thcTextField.swift */; };
		663B712526960FAA001190CB /* cbdTextField.swift in Sources */ = {isa = PBXBuildFile; fileRef = 663B712426960FAA001190CB /* cbdTextField.swift */; };
		663B71282696113E001190CB /* ediblyCalc.swift in Sources */ = {isa = PBXBuildFile; fileRef = 663B71272696113E001190CB /* ediblyCalc.swift */; };
		6644FF23269CBD9200CC81EE /* GoogleBannerAd.swift in Sources */ = {isa = PBXBuildFile; fileRef = 6644FF22269CBD9200CC81EE /* GoogleBannerAd.swift */; };
		66818912268D023100252CD6 /* ediblyApp.swift in Sources */ = {isa = PBXBuildFile; fileRef = 66818911268D023100252CD6 /* ediblyApp.swift */; };
		66818914268D023100252CD6 /* ContentView.swift in Sources */ = {isa = PBXBuildFile; fileRef = 66818913268D023100252CD6 /* ContentView.swift */; };
		66818916268D023200252CD6 /* Assets.xcassets in Resources */ = {isa = PBXBuildFile; fileRef = 66818915268D023200252CD6 /* Assets.xcassets */; };
		66818919268D023200252CD6 /* Preview Assets.xcassets in Resources */ = {isa = PBXBuildFile; fileRef = 66818918268D023200252CD6 /* Preview Assets.xcassets */; };
		66818925268D039B00252CD6 /* TwentyOneButton.swift in Sources */ = {isa = PBXBuildFile; fileRef = 66818924268D039B00252CD6 /* TwentyOneButton.swift */; };
		66818929268D054700252CD6 /* NotTwentyOne.swift in Sources */ = {isa = PBXBuildFile; fileRef = 66818928268D054700252CD6 /* NotTwentyOne.swift */; };
		6681892E268D097400252CD6 /* EdiblyView.swift in Sources */ = {isa = PBXBuildFile; fileRef = 6681892D268D097400252CD6 /* EdiblyView.swift */; };
		6694943F269A03BC00CA408C /* weightTextField.swift in Sources */ = {isa = PBXBuildFile; fileRef = 6694943E269A03BC00CA408C /* weightTextField.swift */; };
		66949442269A046A00CA408C /* unitsTextField.swift in Sources */ = {isa = PBXBuildFile; fileRef = 66949441269A046A00CA408C /* unitsTextField.swift */; };
		66949450269B647C00CA408C /* ExplanationSheet.swift in Sources */ = {isa = PBXBuildFile; fileRef = 6694944F269B647C00CA408C /* ExplanationSheet.swift */; };
		66949455269B6E7C00CA408C /* CalculateButton.swift in Sources */ = {isa = PBXBuildFile; fileRef = 66949454269B6E7C00CA408C /* CalculateButton.swift */; };
		66A30A12269CC349007E7BCD /* StoreManager.swift in Sources */ = {isa = PBXBuildFile; fileRef = 66A30A11269CC349007E7BCD /* StoreManager.swift */; };
		66A30A15269CC577007E7BCD /* GoogleInterstitialAd.swift in Sources */ = {isa = PBXBuildFile; fileRef = 66A30A14269CC577007E7BCD /* GoogleInterstitialAd.swift */; };
		66BCEFA7268D1660007C415E /* InputButtonStyle.swift in Sources */ = {isa = PBXBuildFile; fileRef = 66BCEFA6268D1660007C415E /* InputButtonStyle.swift */; };
/* End PBXBuildFile section */

/* Begin PBXFileReference section */
		6632FE83269DF6A70067B938 /* StoreKit.framework */ = {isa = PBXFileReference; lastKnownFileType = wrapper.framework; name = StoreKit.framework; path = System/Library/Frameworks/StoreKit.framework; sourceTree = SDKROOT; };
		663B712126960EBB001190CB /* thcTextField.swift */ = {isa = PBXFileReference; lastKnownFileType = sourcecode.swift; path = thcTextField.swift; sourceTree = "<group>"; };
		663B712426960FAA001190CB /* cbdTextField.swift */ = {isa = PBXFileReference; lastKnownFileType = sourcecode.swift; path = cbdTextField.swift; sourceTree = "<group>"; };
		663B71272696113E001190CB /* ediblyCalc.swift */ = {isa = PBXFileReference; lastKnownFileType = sourcecode.swift; path = ediblyCalc.swift; sourceTree = "<group>"; };
		6644FF22269CBD9200CC81EE /* GoogleBannerAd.swift */ = {isa = PBXFileReference; lastKnownFileType = sourcecode.swift; path = GoogleBannerAd.swift; sourceTree = "<group>"; };
		6681890E268D023100252CD6 /* edibly.app */ = {isa = PBXFileReference; explicitFileType = wrapper.application; includeInIndex = 0; path = edibly.app; sourceTree = BUILT_PRODUCTS_DIR; };
		66818911268D023100252CD6 /* ediblyApp.swift */ = {isa = PBXFileReference; lastKnownFileType = sourcecode.swift; path = ediblyApp.swift; sourceTree = "<group>"; };
		66818913268D023100252CD6 /* ContentView.swift */ = {isa = PBXFileReference; lastKnownFileType = sourcecode.swift; path = ContentView.swift; sourceTree = "<group>"; };
		66818915268D023200252CD6 /* Assets.xcassets */ = {isa = PBXFileReference; lastKnownFileType = folder.assetcatalog; path = Assets.xcassets; sourceTree = "<group>"; };
		66818918268D023200252CD6 /* Preview Assets.xcassets */ = {isa = PBXFileReference; lastKnownFileType = folder.assetcatalog; path = "Preview Assets.xcassets"; sourceTree = "<group>"; };
		6681891A268D023200252CD6 /* Info.plist */ = {isa = PBXFileReference; lastKnownFileType = text.plist.xml; path = Info.plist; sourceTree = "<group>"; };
		66818924268D039B00252CD6 /* TwentyOneButton.swift */ = {isa = PBXFileReference; lastKnownFileType = sourcecode.swift; path = TwentyOneButton.swift; sourceTree = "<group>"; };
		66818928268D054700252CD6 /* NotTwentyOne.swift */ = {isa = PBXFileReference; lastKnownFileType = sourcecode.swift; path = NotTwentyOne.swift; sourceTree = "<group>"; };
		6681892D268D097400252CD6 /* EdiblyView.swift */ = {isa = PBXFileReference; lastKnownFileType = sourcecode.swift; path = EdiblyView.swift; sourceTree = "<group>"; };
		6694943E269A03BC00CA408C /* weightTextField.swift */ = {isa = PBXFileReference; lastKnownFileType = sourcecode.swift; path = weightTextField.swift; sourceTree = "<group>"; };
		66949441269A046A00CA408C /* unitsTextField.swift */ = {isa = PBXFileReference; lastKnownFileType = sourcecode.swift; path = unitsTextField.swift; sourceTree = "<group>"; };
		6694944F269B647C00CA408C /* ExplanationSheet.swift */ = {isa = PBXFileReference; lastKnownFileType = sourcecode.swift; path = ExplanationSheet.swift; sourceTree = "<group>"; };
		66949454269B6E7C00CA408C /* CalculateButton.swift */ = {isa = PBXFileReference; lastKnownFileType = sourcecode.swift; path = CalculateButton.swift; sourceTree = "<group>"; };
		66A30A11269CC349007E7BCD /* StoreManager.swift */ = {isa = PBXFileReference; lastKnownFileType = sourcecode.swift; path = StoreManager.swift; sourceTree = "<group>"; };
		66A30A14269CC577007E7BCD /* GoogleInterstitialAd.swift */ = {isa = PBXFileReference; lastKnownFileType = sourcecode.swift; path = GoogleInterstitialAd.swift; sourceTree = "<group>"; };
		66BCEFA6268D1660007C415E /* InputButtonStyle.swift */ = {isa = PBXFileReference; lastKnownFileType = sourcecode.swift; path = InputButtonStyle.swift; sourceTree = "<group>"; };
		90B1403DB72A0EE7788AA0FF /* Pods_edibly.framework */ = {isa = PBXFileReference; explicitFileType = wrapper.framework; includeInIndex = 0; path = Pods_edibly.framework; sourceTree = BUILT_PRODUCTS_DIR; };
		BB75DC89D6D3A78478047F22 /* Pods-edibly.release.xcconfig */ = {isa = PBXFileReference; includeInIndex = 1; lastKnownFileType = text.xcconfig; name = "Pods-edibly.release.xcconfig"; path = "Target Support Files/Pods-edibly/Pods-edibly.release.xcconfig"; sourceTree = "<group>"; };
		D5BF1F8D7999DBAC8BFE2C95 /* Pods-edibly.debug.xcconfig */ = {isa = PBXFileReference; includeInIndex = 1; lastKnownFileType = text.xcconfig; name = "Pods-edibly.debug.xcconfig"; path = "Target Support Files/Pods-edibly/Pods-edibly.debug.xcconfig"; sourceTree = "<group>"; };
/* End PBXFileReference section */

/* Begin PBXFrameworksBuildPhase section */
		6681890B268D023100252CD6 /* Frameworks */ = {
			isa = PBXFrameworksBuildPhase;
			buildActionMask = 2147483647;
			files = (
				409CF6E0CE3EC3C14F0F354B /* Pods_edibly.framework in Frameworks */,
				6632FE84269DF6A70067B938 /* StoreKit.framework in Frameworks */,
			);
			runOnlyForDeploymentPostprocessing = 0;
		};
/* End PBXFrameworksBuildPhase section */

/* Begin PBXGroup section */
		66818905268D023100252CD6 = {
			isa = PBXGroup;
			children = (
				66818910268D023100252CD6 /* edibly */,
				6681890F268D023100252CD6 /* Products */,
				79B2BFBFBF30A43E61524DE5 /* Pods */,
				A438098CF72B3B33671FE005 /* Frameworks */,
			);
			sourceTree = "<group>";
		};
		6681890F268D023100252CD6 /* Products */ = {
			isa = PBXGroup;
			children = (
				6681890E268D023100252CD6 /* edibly.app */,
			);
			name = Products;
			sourceTree = "<group>";
		};
		66818910268D023100252CD6 /* edibly */ = {
			isa = PBXGroup;
			children = (
				66818911268D023100252CD6 /* ediblyApp.swift */,
				66818913268D023100252CD6 /* ContentView.swift */,
				6681892D268D097400252CD6 /* EdiblyView.swift */,
				663B71272696113E001190CB /* ediblyCalc.swift */,
				6694944F269B647C00CA408C /* ExplanationSheet.swift */,
				66BCEFA9268D182D007C415E /* TextFields */,
				66818923268D038A00252CD6 /* buttons */,
				66818915268D023200252CD6 /* Assets.xcassets */,
				6681891A268D023200252CD6 /* Info.plist */,
				66818917268D023200252CD6 /* Preview Content */,
				6644FF22269CBD9200CC81EE /* GoogleBannerAd.swift */,
				66A30A11269CC349007E7BCD /* StoreManager.swift */,
				66A30A14269CC577007E7BCD /* GoogleInterstitialAd.swift */,
			);
			path = edibly;
			sourceTree = "<group>";
		};
		66818917268D023200252CD6 /* Preview Content */ = {
			isa = PBXGroup;
			children = (
				66818918268D023200252CD6 /* Preview Assets.xcassets */,
			);
			path = "Preview Content";
			sourceTree = "<group>";
		};
		66818923268D038A00252CD6 /* buttons */ = {
			isa = PBXGroup;
			children = (
				66818924268D039B00252CD6 /* TwentyOneButton.swift */,
				66818928268D054700252CD6 /* NotTwentyOne.swift */,
				66949454269B6E7C00CA408C /* CalculateButton.swift */,
			);
			path = buttons;
			sourceTree = "<group>";
		};
		66BCEFA9268D182D007C415E /* TextFields */ = {
			isa = PBXGroup;
			children = (
				66BCEFA6268D1660007C415E /* InputButtonStyle.swift */,
				663B712126960EBB001190CB /* thcTextField.swift */,
				663B712426960FAA001190CB /* cbdTextField.swift */,
				6694943E269A03BC00CA408C /* weightTextField.swift */,
				66949441269A046A00CA408C /* unitsTextField.swift */,
			);
			path = TextFields;
			sourceTree = "<group>";
		};
		79B2BFBFBF30A43E61524DE5 /* Pods */ = {
			isa = PBXGroup;
			children = (
				D5BF1F8D7999DBAC8BFE2C95 /* Pods-edibly.debug.xcconfig */,
				BB75DC89D6D3A78478047F22 /* Pods-edibly.release.xcconfig */,
			);
			path = Pods;
			sourceTree = "<group>";
		};
		A438098CF72B3B33671FE005 /* Frameworks */ = {
			isa = PBXGroup;
			children = (
				6632FE83269DF6A70067B938 /* StoreKit.framework */,
				90B1403DB72A0EE7788AA0FF /* Pods_edibly.framework */,
			);
			name = Frameworks;
			sourceTree = "<group>";
		};
/* End PBXGroup section */

/* Begin PBXNativeTarget section */
		6681890D268D023100252CD6 /* edibly */ = {
			isa = PBXNativeTarget;
			buildConfigurationList = 6681891D268D023200252CD6 /* Build configuration list for PBXNativeTarget "edibly" */;
			buildPhases = (
				9A4C3E29508145129C315324 /* [CP] Check Pods Manifest.lock */,
				6681890A268D023100252CD6 /* Sources */,
				6681890B268D023100252CD6 /* Frameworks */,
				6681890C268D023100252CD6 /* Resources */,
				D7BEE275AFAE4DD296AF7B5C /* [CP] Embed Pods Frameworks */,
			);
			buildRules = (
			);
			dependencies = (
			);
			name = edibly;
			productName = edibly;
			productReference = 6681890E268D023100252CD6 /* edibly.app */;
			productType = "com.apple.product-type.application";
		};
/* End PBXNativeTarget section */

/* Begin PBXProject section */
		66818906268D023100252CD6 /* Project object */ = {
			isa = PBXProject;
			attributes = {
				LastSwiftUpdateCheck = 1240;
				LastUpgradeCheck = 1240;
				TargetAttributes = {
					6681890D268D023100252CD6 = {
						CreatedOnToolsVersion = 12.4;
					};
				};
			};
			buildConfigurationList = 66818909268D023100252CD6 /* Build configuration list for PBXProject "edibly" */;
			compatibilityVersion = "Xcode 9.3";
			developmentRegion = en;
			hasScannedForEncodings = 0;
			knownRegions = (
				en,
				Base,
			);
			mainGroup = 66818905268D023100252CD6;
			productRefGroup = 6681890F268D023100252CD6 /* Products */;
			projectDirPath = "";
			projectRoot = "";
			targets = (
				6681890D268D023100252CD6 /* edibly */,
			);
		};
/* End PBXProject section */

/* Begin PBXResourcesBuildPhase section */
		6681890C268D023100252CD6 /* Resources */ = {
			isa = PBXResourcesBuildPhase;
			buildActionMask = 2147483647;
			files = (
				66818919268D023200252CD6 /* Preview Assets.xcassets in Resources */,
				66818916268D023200252CD6 /* Assets.xcassets in Resources */,
			);
			runOnlyForDeploymentPostprocessing = 0;
		};
/* End PBXResourcesBuildPhase section */

/* Begin PBXShellScriptBuildPhase section */
		9A4C3E29508145129C315324 /* [CP] Check Pods Manifest.lock */ = {
			isa = PBXShellScriptBuildPhase;
			buildActionMask = 2147483647;
			files = (
			);
			inputFileListPaths = (
			);
			inputPaths = (
				"${PODS_PODFILE_DIR_PATH}/Podfile.lock",
				"${PODS_ROOT}/Manifest.lock",
			);
			name = "[CP] Check Pods Manifest.lock";
			outputFileListPaths = (
			);
			outputPaths = (
				"$(DERIVED_FILE_DIR)/Pods-edibly-checkManifestLockResult.txt",
			);
			runOnlyForDeploymentPostprocessing = 0;
			shellPath = /bin/sh;
			shellScript = "diff \"${PODS_PODFILE_DIR_PATH}/Podfile.lock\" \"${PODS_ROOT}/Manifest.lock\" > /dev/null\nif [ $? != 0 ] ; then\n    # print error to STDERR\n    echo \"error: The sandbox is not in sync with the Podfile.lock. Run 'pod install' or update your CocoaPods installation.\" >&2\n    exit 1\nfi\n# This output is used by Xcode 'outputs' to avoid re-running this script phase.\necho \"SUCCESS\" > \"${SCRIPT_OUTPUT_FILE_0}\"\n";
			showEnvVarsInLog = 0;
		};
		D7BEE275AFAE4DD296AF7B5C /* [CP] Embed Pods Frameworks */ = {
			isa = PBXShellScriptBuildPhase;
			buildActionMask = 2147483647;
			files = (
			);
			inputFileListPaths = (
				"${PODS_ROOT}/Target Support Files/Pods-edibly/Pods-edibly-frameworks-${CONFIGURATION}-input-files.xcfilelist",
			);
			name = "[CP] Embed Pods Frameworks";
			outputFileListPaths = (
				"${PODS_ROOT}/Target Support Files/Pods-edibly/Pods-edibly-frameworks-${CONFIGURATION}-output-files.xcfilelist",
			);
			runOnlyForDeploymentPostprocessing = 0;
			shellPath = /bin/sh;
			shellScript = "\"${PODS_ROOT}/Target Support Files/Pods-edibly/Pods-edibly-frameworks.sh\"\n";
			showEnvVarsInLog = 0;
		};
/* End PBXShellScriptBuildPhase section */

/* Begin PBXSourcesBuildPhase section */
		6681890A268D023100252CD6 /* Sources */ = {
			isa = PBXSourcesBuildPhase;
			buildActionMask = 2147483647;
			files = (
				66818925268D039B00252CD6 /* TwentyOneButton.swift in Sources */,
				66949450269B647C00CA408C /* ExplanationSheet.swift in Sources */,
				663B712226960EBB001190CB /* thcTextField.swift in Sources */,
				66A30A15269CC577007E7BCD /* GoogleInterstitialAd.swift in Sources */,
				66818914268D023100252CD6 /* ContentView.swift in Sources */,
				66BCEFA7268D1660007C415E /* InputButtonStyle.swift in Sources */,
				66818912268D023100252CD6 /* ediblyApp.swift in Sources */,
				66949455269B6E7C00CA408C /* CalculateButton.swift in Sources */,
				6644FF23269CBD9200CC81EE /* GoogleBannerAd.swift in Sources */,
				66818929268D054700252CD6 /* NotTwentyOne.swift in Sources */,
				6681892E268D097400252CD6 /* EdiblyView.swift in Sources */,
				6694943F269A03BC00CA408C /* weightTextField.swift in Sources */,
				663B71282696113E001190CB /* ediblyCalc.swift in Sources */,
				66A30A12269CC349007E7BCD /* StoreManager.swift in Sources */,
				66949442269A046A00CA408C /* unitsTextField.swift in Sources */,
				663B712526960FAA001190CB /* cbdTextField.swift in Sources */,
			);
			runOnlyForDeploymentPostprocessing = 0;
		};
/* End PBXSourcesBuildPhase section */

/* Begin XCBuildConfiguration section */
		6681891B268D023200252CD6 /* Debug */ = {
			isa = XCBuildConfiguration;
			buildSettings = {
				ALWAYS_SEARCH_USER_PATHS = NO;
				CLANG_ANALYZER_NONNULL = YES;
				CLANG_ANALYZER_NUMBER_OBJECT_CONVERSION = YES_AGGRESSIVE;
				CLANG_CXX_LANGUAGE_STANDARD = "gnu++14";
				CLANG_CXX_LIBRARY = "libc++";
				CLANG_ENABLE_MODULES = YES;
				CLANG_ENABLE_OBJC_ARC = YES;
				CLANG_ENABLE_OBJC_WEAK = YES;
				CLANG_WARN_BLOCK_CAPTURE_AUTORELEASING = YES;
				CLANG_WARN_BOOL_CONVERSION = YES;
				CLANG_WARN_COMMA = YES;
				CLANG_WARN_CONSTANT_CONVERSION = YES;
				CLANG_WARN_DEPRECATED_OBJC_IMPLEMENTATIONS = YES;
				CLANG_WARN_DIRECT_OBJC_ISA_USAGE = YES_ERROR;
				CLANG_WARN_DOCUMENTATION_COMMENTS = YES;
				CLANG_WARN_EMPTY_BODY = YES;
				CLANG_WARN_ENUM_CONVERSION = YES;
				CLANG_WARN_INFINITE_RECURSION = YES;
				CLANG_WARN_INT_CONVERSION = YES;
				CLANG_WARN_NON_LITERAL_NULL_CONVERSION = YES;
				CLANG_WARN_OBJC_IMPLICIT_RETAIN_SELF = YES;
				CLANG_WARN_OBJC_LITERAL_CONVERSION = YES;
				CLANG_WARN_OBJC_ROOT_CLASS = YES_ERROR;
				CLANG_WARN_QUOTED_INCLUDE_IN_FRAMEWORK_HEADER = YES;
				CLANG_WARN_RANGE_LOOP_ANALYSIS = YES;
				CLANG_WARN_STRICT_PROTOTYPES = YES;
				CLANG_WARN_SUSPICIOUS_MOVE = YES;
				CLANG_WARN_UNGUARDED_AVAILABILITY = YES_AGGRESSIVE;
				CLANG_WARN_UNREACHABLE_CODE = YES;
				CLANG_WARN__DUPLICATE_METHOD_MATCH = YES;
				COPY_PHASE_STRIP = NO;
				DEBUG_INFORMATION_FORMAT = dwarf;
				ENABLE_STRICT_OBJC_MSGSEND = YES;
				ENABLE_TESTABILITY = YES;
				GCC_C_LANGUAGE_STANDARD = gnu11;
				GCC_DYNAMIC_NO_PIC = NO;
				GCC_NO_COMMON_BLOCKS = YES;
				GCC_OPTIMIZATION_LEVEL = 0;
				GCC_PREPROCESSOR_DEFINITIONS = (
					"DEBUG=1",
					"$(inherited)",
				);
				GCC_WARN_64_TO_32_BIT_CONVERSION = YES;
				GCC_WARN_ABOUT_RETURN_TYPE = YES_ERROR;
				GCC_WARN_UNDECLARED_SELECTOR = YES;
				GCC_WARN_UNINITIALIZED_AUTOS = YES_AGGRESSIVE;
				GCC_WARN_UNUSED_FUNCTION = YES;
				GCC_WARN_UNUSED_VARIABLE = YES;
				IPHONEOS_DEPLOYMENT_TARGET = 14.4;
				MTL_ENABLE_DEBUG_INFO = INCLUDE_SOURCE;
				MTL_FAST_MATH = YES;
				ONLY_ACTIVE_ARCH = YES;
				SDKROOT = iphoneos;
				SWIFT_ACTIVE_COMPILATION_CONDITIONS = DEBUG;
				SWIFT_OPTIMIZATION_LEVEL = "-Onone";
			};
			name = Debug;
		};
		6681891C268D023200252CD6 /* Release */ = {
			isa = XCBuildConfiguration;
			buildSettings = {
				ALWAYS_SEARCH_USER_PATHS = NO;
				CLANG_ANALYZER_NONNULL = YES;
				CLANG_ANALYZER_NUMBER_OBJECT_CONVERSION = YES_AGGRESSIVE;
				CLANG_CXX_LANGUAGE_STANDARD = "gnu++14";
				CLANG_CXX_LIBRARY = "libc++";
				CLANG_ENABLE_MODULES = YES;
				CLANG_ENABLE_OBJC_ARC = YES;
				CLANG_ENABLE_OBJC_WEAK = YES;
				CLANG_WARN_BLOCK_CAPTURE_AUTORELEASING = YES;
				CLANG_WARN_BOOL_CONVERSION = YES;
				CLANG_WARN_COMMA = YES;
				CLANG_WARN_CONSTANT_CONVERSION = YES;
				CLANG_WARN_DEPRECATED_OBJC_IMPLEMENTATIONS = YES;
				CLANG_WARN_DIRECT_OBJC_ISA_USAGE = YES_ERROR;
				CLANG_WARN_DOCUMENTATION_COMMENTS = YES;
				CLANG_WARN_EMPTY_BODY = YES;
				CLANG_WARN_ENUM_CONVERSION = YES;
				CLANG_WARN_INFINITE_RECURSION = YES;
				CLANG_WARN_INT_CONVERSION = YES;
				CLANG_WARN_NON_LITERAL_NULL_CONVERSION = YES;
				CLANG_WARN_OBJC_IMPLICIT_RETAIN_SELF = YES;
				CLANG_WARN_OBJC_LITERAL_CONVERSION = YES;
				CLANG_WARN_OBJC_ROOT_CLASS = YES_ERROR;
				CLANG_WARN_QUOTED_INCLUDE_IN_FRAMEWORK_HEADER = YES;
				CLANG_WARN_RANGE_LOOP_ANALYSIS = YES;
				CLANG_WARN_STRICT_PROTOTYPES = YES;
				CLANG_WARN_SUSPICIOUS_MOVE = YES;
				CLANG_WARN_UNGUARDED_AVAILABILITY = YES_AGGRESSIVE;
				CLANG_WARN_UNREACHABLE_CODE = YES;
				CLANG_WARN__DUPLICATE_METHOD_MATCH = YES;
				COPY_PHASE_STRIP = NO;
				DEBUG_INFORMATION_FORMAT = "dwarf-with-dsym";
				ENABLE_NS_ASSERTIONS = NO;
				ENABLE_STRICT_OBJC_MSGSEND = YES;
				GCC_C_LANGUAGE_STANDARD = gnu11;
				GCC_NO_COMMON_BLOCKS = YES;
				GCC_WARN_64_TO_32_BIT_CONVERSION = YES;
				GCC_WARN_ABOUT_RETURN_TYPE = YES_ERROR;
				GCC_WARN_UNDECLARED_SELECTOR = YES;
				GCC_WARN_UNINITIALIZED_AUTOS = YES_AGGRESSIVE;
				GCC_WARN_UNUSED_FUNCTION = YES;
				GCC_WARN_UNUSED_VARIABLE = YES;
				IPHONEOS_DEPLOYMENT_TARGET = 14.4;
				MTL_ENABLE_DEBUG_INFO = NO;
				MTL_FAST_MATH = YES;
				SDKROOT = iphoneos;
				SWIFT_COMPILATION_MODE = wholemodule;
				SWIFT_OPTIMIZATION_LEVEL = "-O";
				VALIDATE_PRODUCT = YES;
			};
			name = Release;
		};
		6681891E268D023200252CD6 /* Debug */ = {
			isa = XCBuildConfiguration;
			baseConfigurationReference = D5BF1F8D7999DBAC8BFE2C95 /* Pods-edibly.debug.xcconfig */;
			buildSettings = {
				ASSETCATALOG_COMPILER_APPICON_NAME = AppIcon;
				ASSETCATALOG_COMPILER_GLOBAL_ACCENT_COLOR_NAME = AccentColor;
				CODE_SIGN_STYLE = Automatic;
				DEVELOPMENT_ASSET_PATHS = "\"edibly/Preview Content\"";
				DEVELOPMENT_TEAM = 6SFM579B5E;
				ENABLE_PREVIEWS = YES;
				INFOPLIST_FILE = edibly/Info.plist;
				IPHONEOS_DEPLOYMENT_TARGET = 14.0;
				LD_RUNPATH_SEARCH_PATHS = (
					"$(inherited)",
					"@executable_path/Frameworks",
				);
				MARKETING_VERSION = 3.0.2;
				PRODUCT_BUNDLE_IDENTIFIER = edibleThcCalculator;
				PRODUCT_NAME = "$(TARGET_NAME)";
				SWIFT_VERSION = 5.0;
				TARGETED_DEVICE_FAMILY = "1,2";
			};
			name = Debug;
		};
		6681891F268D023200252CD6 /* Release */ = {
			isa = XCBuildConfiguration;
			baseConfigurationReference = BB75DC89D6D3A78478047F22 /* Pods-edibly.release.xcconfig */;
			buildSettings = {
				ASSETCATALOG_COMPILER_APPICON_NAME = AppIcon;
				ASSETCATALOG_COMPILER_GLOBAL_ACCENT_COLOR_NAME = AccentColor;
				CODE_SIGN_STYLE = Automatic;
				DEVELOPMENT_ASSET_PATHS = "\"edibly/Preview Content\"";
				DEVELOPMENT_TEAM = 6SFM579B5E;
				ENABLE_PREVIEWS = YES;
				INFOPLIST_FILE = edibly/Info.plist;
				IPHONEOS_DEPLOYMENT_TARGET = 14.0;
				LD_RUNPATH_SEARCH_PATHS = (
					"$(inherited)",
					"@executable_path/Frameworks",
				);
				MARKETING_VERSION = 3.0.2;
				PRODUCT_BUNDLE_IDENTIFIER = edibleThcCalculator;
				PRODUCT_NAME = "$(TARGET_NAME)";
				SWIFT_VERSION = 5.0;
				TARGETED_DEVICE_FAMILY = "1,2";
			};
			name = Release;
		};
/* End XCBuildConfiguration section */

/* Begin XCConfigurationList section */
		66818909268D023100252CD6 /* Build configuration list for PBXProject "edibly" */ = {
			isa = XCConfigurationList;
			buildConfigurations = (
				6681891B268D023200252CD6 /* Debug */,
				6681891C268D023200252CD6 /* Release */,
			);
			defaultConfigurationIsVisible = 0;
			defaultConfigurationName = Release;
		};
		6681891D268D023200252CD6 /* Build configuration list for PBXNativeTarget "edibly" */ = {
			isa = XCConfigurationList;
			buildConfigurations = (
				6681891E268D023200252CD6 /* Debug */,
				6681891F268D023200252CD6 /* Release */,
			);
			defaultConfigurationIsVisible = 0;
			defaultConfigurationName = Release;
		};
/* End XCConfigurationList section */
	};
	rootObject = 66818906268D023100252CD6 /* Project object */;
}
